
Microsoft Visual Studio Solution File, Format Version 12.00
Project("{FAE04EC0-301F-11D3-BF4B-00C04F79EFBC}") = "Jellyfin.Plugin.ID3", "Jellyfin.Plugin.ID3\Jellyfin.Plugin.ID3.csproj", "{232F8DFB-EECC-4243-B015-041DF303275A}"
EndProject
Global
	GlobalSection(SolutionConfigurationPlatforms) = preSolution
		Debug|Any CPU = Debug|Any CPU
		Release|Any CPU = Release|Any CPU
	EndGlobalSection
	GlobalSection(ProjectConfigurationPlatforms) = postSolution
		{232F8DFB-EECC-4243-B015-041DF303275A}.Debug|Any CPU.ActiveCfg = Debug|Any CPU
		{232F8DFB-EECC-4243-B015-041DF303275A}.Debug|Any CPU.Build.0 = Debug|Any CPU
		{232F8DFB-EECC-4243-B015-041DF303275A}.Release|Any CPU.ActiveCfg = Release|Any CPU
		{232F8DFB-EECC-4243-B015-041DF303275A}.Release|Any CPU.Build.0 = Release|Any CPU
	EndGlobalSection
EndGlobal
